
Microsoft Visual Studio Solution File, Format Version 12.00
# Visual Studio Version 16
VisualStudioVersion = 16.0.31911.196
MinimumVisualStudioVersion = 10.0.40219.1
Project("{FAE04EC0-301F-11D3-BF4B-00C04F79EFBC}") = "Garage Management System", "Garage Management System.csproj", "{0EADB3DF-FBA4-4025-9C58-F8009E72ABE3}"
EndProject
Global
	GlobalSection(SolutionConfigurationPlatforms) = preSolution
		Debug|Any CPU = Debug|Any CPU
		Release|Any CPU = Release|Any CPU
	EndGlobalSection
	GlobalSection(ProjectConfigurationPlatforms) = postSolution
		{0EADB3DF-FBA4-4025-9C58-F8009E72ABE3}.Debug|Any CPU.ActiveCfg = Debug|Any CPU
		{0EADB3DF-FBA4-4025-9C58-F8009E72ABE3}.Debug|Any CPU.Build.0 = Debug|Any CPU
		{0EADB3DF-FBA4-4025-9C58-F8009E72ABE3}.Release|Any CPU.ActiveCfg = Release|Any CPU
		{0EADB3DF-FBA4-4025-9C58-F8009E72ABE3}.Release|Any CPU.Build.0 = Release|Any CPU
	EndGlobalSection
	GlobalSection(SolutionProperties) = preSolution
		HideSolutionNode = FALSE
	EndGlobalSection
	GlobalSection(ExtensibilityGlobals) = postSolution
		SolutionGuid = {485FE4B3-CCC1-413E-B805-873CED4F04F6}
	EndGlobalSection
EndGlobal
